
Microsoft Visual Studio Solution File, Format Version 12.00
# Visual Studio 15
Project("{FAE04EC0-301F-11D3-BF4B-00C04F79EFBC}") = "Strong531", "Strong531\Strong531.csproj", "{EBECAFE5-5B3C-4665-ACAE-7BB84F8B2DA9}"
EndProject
Project("{FAE04EC0-301F-11D3-BF4B-00C04F79EFBC}") = "Strong531Test", "Strong531Test\Strong531Test.csproj", "{8235CECE-FE5C-4EDA-A595-4776810C311D}"
EndProject
Global
	GlobalSection(SolutionConfigurationPlatforms) = preSolution
		Debug|Any CPU = Debug|Any CPU
		Release|Any CPU = Release|Any CPU
	EndGlobalSection
	GlobalSection(ProjectConfigurationPlatforms) = postSolution
		{EBECAFE5-5B3C-4665-ACAE-7BB84F8B2DA9}.Debug|Any CPU.ActiveCfg = Debug|Any CPU
		{EBECAFE5-5B3C-4665-ACAE-7BB84F8B2DA9}.Debug|Any CPU.Build.0 = Debug|Any CPU
		{EBECAFE5-5B3C-4665-ACAE-7BB84F8B2DA9}.Release|Any CPU.ActiveCfg = Release|Any CPU
		{EBECAFE5-5B3C-4665-ACAE-7BB84F8B2DA9}.Release|Any CPU.Build.0 = Release|Any CPU
		{8235CECE-FE5C-4EDA-A595-4776810C311D}.Debug|Any CPU.ActiveCfg = Debug|Any CPU
		{8235CECE-FE5C-4EDA-A595-4776810C311D}.Debug|Any CPU.Build.0 = Debug|Any CPU
		{8235CECE-FE5C-4EDA-A595-4776810C311D}.Release|Any CPU.ActiveCfg = Release|Any CPU
		{8235CECE-FE5C-4EDA-A595-4776810C311D}.Release|Any CPU.Build.0 = Release|Any CPU
	EndGlobalSection
EndGlobal
